// !$*UTF8*$!
{
	archiveVersion = 1;
	classes = {
	};
	objectVersion = 50;
	objects = {

/* Begin PBXBuildFile section */
		1D3D19722534942400097E3A /* CreateChallangeViewModel.swift in Sources */ = {isa = PBXBuildFile; fileRef = 1D3D19712534942400097E3A /* CreateChallangeViewModel.swift */; };
		1D6E0FB225336AE30045C360 /* CreateView.swift in Sources */ = {isa = PBXBuildFile; fileRef = 1D6E0FB125336AE30045C360 /* CreateView.swift */; };
		1D6E0FB52533799E0045C360 /* DropdownView.swift in Sources */ = {isa = PBXBuildFile; fileRef = 1D6E0FB42533799E0045C360 /* DropdownView.swift */; };
		1D6E0FB8253385E80045C360 /* RemainderView.swift in Sources */ = {isa = PBXBuildFile; fileRef = 1D6E0FB7253385E80045C360 /* RemainderView.swift */; };
		1DD1712F25323CA40040B2B8 /* FitnessApp.swift in Sources */ = {isa = PBXBuildFile; fileRef = 1DD1712E25323CA40040B2B8 /* FitnessApp.swift */; };
		1DD1713125323CA40040B2B8 /* LandingView.swift in Sources */ = {isa = PBXBuildFile; fileRef = 1DD1713025323CA40040B2B8 /* LandingView.swift */; };
		1DD1713325323CA50040B2B8 /* Assets.xcassets in Resources */ = {isa = PBXBuildFile; fileRef = 1DD1713225323CA50040B2B8 /* Assets.xcassets */; };
		1DD1713625323CA50040B2B8 /* Preview Assets.xcassets in Resources */ = {isa = PBXBuildFile; fileRef = 1DD1713525323CA50040B2B8 /* Preview Assets.xcassets */; };
		1DD171402532425D0040B2B8 /* PrimaryButtonStyle.swift in Sources */ = {isa = PBXBuildFile; fileRef = 1DD1713F2532425D0040B2B8 /* PrimaryButtonStyle.swift */; };
		1DD17143253244AC0040B2B8 /* Color+Extension.swift in Sources */ = {isa = PBXBuildFile; fileRef = 1DD17142253244AC0040B2B8 /* Color+Extension.swift */; };
/* End PBXBuildFile section */

/* Begin PBXFileReference section */
		1D3D19712534942400097E3A /* CreateChallangeViewModel.swift */ = {isa = PBXFileReference; lastKnownFileType = sourcecode.swift; path = CreateChallangeViewModel.swift; sourceTree = "<group>"; };
		1D6E0FB125336AE30045C360 /* CreateView.swift */ = {isa = PBXFileReference; lastKnownFileType = sourcecode.swift; path = CreateView.swift; sourceTree = "<group>"; };
		1D6E0FB42533799E0045C360 /* DropdownView.swift */ = {isa = PBXFileReference; lastKnownFileType = sourcecode.swift; path = DropdownView.swift; sourceTree = "<group>"; };
		1D6E0FB7253385E80045C360 /* RemainderView.swift */ = {isa = PBXFileReference; lastKnownFileType = sourcecode.swift; path = RemainderView.swift; sourceTree = "<group>"; };
		1DD1712B25323CA40040B2B8 /* Fitness.app */ = {isa = PBXFileReference; explicitFileType = wrapper.application; includeInIndex = 0; path = Fitness.app; sourceTree = BUILT_PRODUCTS_DIR; };
		1DD1712E25323CA40040B2B8 /* FitnessApp.swift */ = {isa = PBXFileReference; lastKnownFileType = sourcecode.swift; path = FitnessApp.swift; sourceTree = "<group>"; };
		1DD1713025323CA40040B2B8 /* LandingView.swift */ = {isa = PBXFileReference; lastKnownFileType = sourcecode.swift; path = LandingView.swift; sourceTree = "<group>"; };
		1DD1713225323CA50040B2B8 /* Assets.xcassets */ = {isa = PBXFileReference; lastKnownFileType = folder.assetcatalog; path = Assets.xcassets; sourceTree = "<group>"; };
		1DD1713525323CA50040B2B8 /* Preview Assets.xcassets */ = {isa = PBXFileReference; lastKnownFileType = folder.assetcatalog; path = "Preview Assets.xcassets"; sourceTree = "<group>"; };
		1DD1713725323CA50040B2B8 /* Info.plist */ = {isa = PBXFileReference; lastKnownFileType = text.plist.xml; path = Info.plist; sourceTree = "<group>"; };
		1DD1713F2532425D0040B2B8 /* PrimaryButtonStyle.swift */ = {isa = PBXFileReference; lastKnownFileType = sourcecode.swift; path = PrimaryButtonStyle.swift; sourceTree = "<group>"; };
		1DD17142253244AC0040B2B8 /* Color+Extension.swift */ = {isa = PBXFileReference; lastKnownFileType = sourcecode.swift; path = "Color+Extension.swift"; sourceTree = "<group>"; };
/* End PBXFileReference section */

/* Begin PBXFrameworksBuildPhase section */
		1DD1712825323CA40040B2B8 /* Frameworks */ = {
			isa = PBXFrameworksBuildPhase;
			buildActionMask = 2147483647;
			files = (
			);
			runOnlyForDeploymentPostprocessing = 0;
		};
/* End PBXFrameworksBuildPhase section */

/* Begin PBXGroup section */
		1D3D1970253493FF00097E3A /* ViewModel */ = {
			isa = PBXGroup;
			children = (
				1D3D19712534942400097E3A /* CreateChallangeViewModel.swift */,
			);
			path = ViewModel;
			sourceTree = "<group>";
		};
		1DD1712225323CA40040B2B8 = {
			isa = PBXGroup;
			children = (
				1DD1712D25323CA40040B2B8 /* Fitness */,
				1DD1712C25323CA40040B2B8 /* Products */,
			);
			sourceTree = "<group>";
		};
		1DD1712C25323CA40040B2B8 /* Products */ = {
			isa = PBXGroup;
			children = (
				1DD1712B25323CA40040B2B8 /* Fitness.app */,
			);
			name = Products;
			sourceTree = "<group>";
		};
		1DD1712D25323CA40040B2B8 /* Fitness */ = {
			isa = PBXGroup;
			children = (
				1D3D1970253493FF00097E3A /* ViewModel */,
				1DD1712E25323CA40040B2B8 /* FitnessApp.swift */,
				1DD1713025323CA40040B2B8 /* LandingView.swift */,
				1DD1713225323CA50040B2B8 /* Assets.xcassets */,
				1DD1713725323CA50040B2B8 /* Info.plist */,
				1DD1713425323CA50040B2B8 /* Preview Content */,
				1DD1713F2532425D0040B2B8 /* PrimaryButtonStyle.swift */,
				1DD17142253244AC0040B2B8 /* Color+Extension.swift */,
				1D6E0FB125336AE30045C360 /* CreateView.swift */,
				1D6E0FB42533799E0045C360 /* DropdownView.swift */,
				1D6E0FB7253385E80045C360 /* RemainderView.swift */,
			);
			path = Fitness;
			sourceTree = "<group>";
		};
		1DD1713425323CA50040B2B8 /* Preview Content */ = {
			isa = PBXGroup;
			children = (
				1DD1713525323CA50040B2B8 /* Preview Assets.xcassets */,
			);
			path = "Preview Content";
			sourceTree = "<group>";
		};
/* End PBXGroup section */

/* Begin PBXNativeTarget section */
		1DD1712A25323CA40040B2B8 /* Fitness */ = {
			isa = PBXNativeTarget;
			buildConfigurationList = 1DD1713A25323CA50040B2B8 /* Build configuration list for PBXNativeTarget "Fitness" */;
			buildPhases = (
				1DD1712725323CA40040B2B8 /* Sources */,
				1DD1712825323CA40040B2B8 /* Frameworks */,
				1DD1712925323CA40040B2B8 /* Resources */,
			);
			buildRules = (
			);
			dependencies = (
			);
			name = Fitness;
			productName = Fitness;
			productReference = 1DD1712B25323CA40040B2B8 /* Fitness.app */;
			productType = "com.apple.product-type.application";
		};
/* End PBXNativeTarget section */

/* Begin PBXProject section */
		1DD1712325323CA40040B2B8 /* Project object */ = {
			isa = PBXProject;
			attributes = {
				LastSwiftUpdateCheck = 1200;
				LastUpgradeCheck = 1200;
				TargetAttributes = {
					1DD1712A25323CA40040B2B8 = {
						CreatedOnToolsVersion = 12.0;
					};
				};
			};
			buildConfigurationList = 1DD1712625323CA40040B2B8 /* Build configuration list for PBXProject "Fitness" */;
			compatibilityVersion = "Xcode 9.3";
			developmentRegion = en;
			hasScannedForEncodings = 0;
			knownRegions = (
				en,
				Base,
			);
			mainGroup = 1DD1712225323CA40040B2B8;
			productRefGroup = 1DD1712C25323CA40040B2B8 /* Products */;
			projectDirPath = "";
			projectRoot = "";
			targets = (
				1DD1712A25323CA40040B2B8 /* Fitness */,
			);
		};
/* End PBXProject section */

/* Begin PBXResourcesBuildPhase section */
		1DD1712925323CA40040B2B8 /* Resources */ = {
			isa = PBXResourcesBuildPhase;
			buildActionMask = 2147483647;
			files = (
				1DD1713625323CA50040B2B8 /* Preview Assets.xcassets in Resources */,
				1DD1713325323CA50040B2B8 /* Assets.xcassets in Resources */,
			);
			runOnlyForDeploymentPostprocessing = 0;
		};
/* End PBXResourcesBuildPhase section */

/* Begin PBXSourcesBuildPhase section */
		1DD1712725323CA40040B2B8 /* Sources */ = {
			isa = PBXSourcesBuildPhase;
			buildActionMask = 2147483647;
			files = (
				1D3D19722534942400097E3A /* CreateChallangeViewModel.swift in Sources */,
				1DD171402532425D0040B2B8 /* PrimaryButtonStyle.swift in Sources */,
				1D6E0FB8253385E80045C360 /* RemainderView.swift in Sources */,
				1DD1713125323CA40040B2B8 /* LandingView.swift in Sources */,
				1DD1712F25323CA40040B2B8 /* FitnessApp.swift in Sources */,
				1DD17143253244AC0040B2B8 /* Color+Extension.swift in Sources */,
				1D6E0FB225336AE30045C360 /* CreateView.swift in Sources */,
				1D6E0FB52533799E0045C360 /* DropdownView.swift in Sources */,
			);
			runOnlyForDeploymentPostprocessing = 0;
		};
/* End PBXSourcesBuildPhase section */

/* Begin XCBuildConfiguration section */
		1DD1713825323CA50040B2B8 /* Debug */ = {
			isa = XCBuildConfiguration;
			buildSettings = {
				ALWAYS_SEARCH_USER_PATHS = NO;
				CLANG_ANALYZER_NONNULL = YES;
				CLANG_ANALYZER_NUMBER_OBJECT_CONVERSION = YES_AGGRESSIVE;
				CLANG_CXX_LANGUAGE_STANDARD = "gnu++14";
				CLANG_CXX_LIBRARY = "libc++";
				CLANG_ENABLE_MODULES = YES;
				CLANG_ENABLE_OBJC_ARC = YES;
				CLANG_ENABLE_OBJC_WEAK = YES;
				CLANG_WARN_BLOCK_CAPTURE_AUTORELEASING = YES;
				CLANG_WARN_BOOL_CONVERSION = YES;
				CLANG_WARN_COMMA = YES;
				CLANG_WARN_CONSTANT_CONVERSION = YES;
				CLANG_WARN_DEPRECATED_OBJC_IMPLEMENTATIONS = YES;
				CLANG_WARN_DIRECT_OBJC_ISA_USAGE = YES_ERROR;
				CLANG_WARN_DOCUMENTATION_COMMENTS = YES;
				CLANG_WARN_EMPTY_BODY = YES;
				CLANG_WARN_ENUM_CONVERSION = YES;
				CLANG_WARN_INFINITE_RECURSION = YES;
				CLANG_WARN_INT_CONVERSION = YES;
				CLANG_WARN_NON_LITERAL_NULL_CONVERSION = YES;
				CLANG_WARN_OBJC_IMPLICIT_RETAIN_SELF = YES;
				CLANG_WARN_OBJC_LITERAL_CONVERSION = YES;
				CLANG_WARN_OBJC_ROOT_CLASS = YES_ERROR;
				CLANG_WARN_QUOTED_INCLUDE_IN_FRAMEWORK_HEADER = YES;
				CLANG_WARN_RANGE_LOOP_ANALYSIS = YES;
				CLANG_WARN_STRICT_PROTOTYPES = YES;
				CLANG_WARN_SUSPICIOUS_MOVE = YES;
				CLANG_WARN_UNGUARDED_AVAILABILITY = YES_AGGRESSIVE;
				CLANG_WARN_UNREACHABLE_CODE = YES;
				CLANG_WARN__DUPLICATE_METHOD_MATCH = YES;
				COPY_PHASE_STRIP = NO;
				DEBUG_INFORMATION_FORMAT = dwarf;
				ENABLE_STRICT_OBJC_MSGSEND = YES;
				ENABLE_TESTABILITY = YES;
				GCC_C_LANGUAGE_STANDARD = gnu11;
				GCC_DYNAMIC_NO_PIC = NO;
				GCC_NO_COMMON_BLOCKS = YES;
				GCC_OPTIMIZATION_LEVEL = 0;
				GCC_PREPROCESSOR_DEFINITIONS = (
					"DEBUG=1",
					"$(inherited)",
				);
				GCC_WARN_64_TO_32_BIT_CONVERSION = YES;
				GCC_WARN_ABOUT_RETURN_TYPE = YES_ERROR;
				GCC_WARN_UNDECLARED_SELECTOR = YES;
				GCC_WARN_UNINITIALIZED_AUTOS = YES_AGGRESSIVE;
				GCC_WARN_UNUSED_FUNCTION = YES;
				GCC_WARN_UNUSED_VARIABLE = YES;
				IPHONEOS_DEPLOYMENT_TARGET = 14.0;
				MTL_ENABLE_DEBUG_INFO = INCLUDE_SOURCE;
				MTL_FAST_MATH = YES;
				ONLY_ACTIVE_ARCH = YES;
				SDKROOT = iphoneos;
				SWIFT_ACTIVE_COMPILATION_CONDITIONS = DEBUG;
				SWIFT_OPTIMIZATION_LEVEL = "-Onone";
			};
			name = Debug;
		};
		1DD1713925323CA50040B2B8 /* Release */ = {
			isa = XCBuildConfiguration;
			buildSettings = {
				ALWAYS_SEARCH_USER_PATHS = NO;
				CLANG_ANALYZER_NONNULL = YES;
				CLANG_ANALYZER_NUMBER_OBJECT_CONVERSION = YES_AGGRESSIVE;
				CLANG_CXX_LANGUAGE_STANDARD = "gnu++14";
				CLANG_CXX_LIBRARY = "libc++";
				CLANG_ENABLE_MODULES = YES;
				CLANG_ENABLE_OBJC_ARC = YES;
				CLANG_ENABLE_OBJC_WEAK = YES;
				CLANG_WARN_BLOCK_CAPTURE_AUTORELEASING = YES;
				CLANG_WARN_BOOL_CONVERSION = YES;
				CLANG_WARN_COMMA = YES;
				CLANG_WARN_CONSTANT_CONVERSION = YES;
				CLANG_WARN_DEPRECATED_OBJC_IMPLEMENTATIONS = YES;
				CLANG_WARN_DIRECT_OBJC_ISA_USAGE = YES_ERROR;
				CLANG_WARN_DOCUMENTATION_COMMENTS = YES;
				CLANG_WARN_EMPTY_BODY = YES;
				CLANG_WARN_ENUM_CONVERSION = YES;
				CLANG_WARN_INFINITE_RECURSION = YES;
				CLANG_WARN_INT_CONVERSION = YES;
				CLANG_WARN_NON_LITERAL_NULL_CONVERSION = YES;
				CLANG_WARN_OBJC_IMPLICIT_RETAIN_SELF = YES;
				CLANG_WARN_OBJC_LITERAL_CONVERSION = YES;
				CLANG_WARN_OBJC_ROOT_CLASS = YES_ERROR;
				CLANG_WARN_QUOTED_INCLUDE_IN_FRAMEWORK_HEADER = YES;
				CLANG_WARN_RANGE_LOOP_ANALYSIS = YES;
				CLANG_WARN_STRICT_PROTOTYPES = YES;
				CLANG_WARN_SUSPICIOUS_MOVE = YES;
				CLANG_WARN_UNGUARDED_AVAILABILITY = YES_AGGRESSIVE;
				CLANG_WARN_UNREACHABLE_CODE = YES;
				CLANG_WARN__DUPLICATE_METHOD_MATCH = YES;
				COPY_PHASE_STRIP = NO;
				DEBUG_INFORMATION_FORMAT = "dwarf-with-dsym";
				ENABLE_NS_ASSERTIONS = NO;
				ENABLE_STRICT_OBJC_MSGSEND = YES;
				GCC_C_LANGUAGE_STANDARD = gnu11;
				GCC_NO_COMMON_BLOCKS = YES;
				GCC_WARN_64_TO_32_BIT_CONVERSION = YES;
				GCC_WARN_ABOUT_RETURN_TYPE = YES_ERROR;
				GCC_WARN_UNDECLARED_SELECTOR = YES;
				GCC_WARN_UNINITIALIZED_AUTOS = YES_AGGRESSIVE;
				GCC_WARN_UNUSED_FUNCTION = YES;
				GCC_WARN_UNUSED_VARIABLE = YES;
				IPHONEOS_DEPLOYMENT_TARGET = 14.0;
				MTL_ENABLE_DEBUG_INFO = NO;
				MTL_FAST_MATH = YES;
				SDKROOT = iphoneos;
				SWIFT_COMPILATION_MODE = wholemodule;
				SWIFT_OPTIMIZATION_LEVEL = "-O";
				VALIDATE_PRODUCT = YES;
			};
			name = Release;
		};
		1DD1713B25323CA50040B2B8 /* Debug */ = {
			isa = XCBuildConfiguration;
			buildSettings = {
				ASSETCATALOG_COMPILER_APPICON_NAME = AppIcon;
				ASSETCATALOG_COMPILER_GLOBAL_ACCENT_COLOR_NAME = AccentColor;
				CODE_SIGN_STYLE = Automatic;
				DEVELOPMENT_ASSET_PATHS = "\"Fitness/Preview Content\"";
				ENABLE_PREVIEWS = YES;
				INFOPLIST_FILE = Fitness/Info.plist;
				IPHONEOS_DEPLOYMENT_TARGET = 14.0;
				LD_RUNPATH_SEARCH_PATHS = (
					"$(inherited)",
					"@executable_path/Frameworks",
				);
				PRODUCT_BUNDLE_IDENTIFIER = com.portonics.Fitness;
				PRODUCT_NAME = "$(TARGET_NAME)";
				SWIFT_VERSION = 5.0;
				TARGETED_DEVICE_FAMILY = "1,2";
			};
			name = Debug;
		};
		1DD1713C25323CA50040B2B8 /* Release */ = {
			isa = XCBuildConfiguration;
			buildSettings = {
				ASSETCATALOG_COMPILER_APPICON_NAME = AppIcon;
				ASSETCATALOG_COMPILER_GLOBAL_ACCENT_COLOR_NAME = AccentColor;
				CODE_SIGN_STYLE = Automatic;
				DEVELOPMENT_ASSET_PATHS = "\"Fitness/Preview Content\"";
				ENABLE_PREVIEWS = YES;
				INFOPLIST_FILE = Fitness/Info.plist;
				IPHONEOS_DEPLOYMENT_TARGET = 14.0;
				LD_RUNPATH_SEARCH_PATHS = (
					"$(inherited)",
					"@executable_path/Frameworks",
				);
				PRODUCT_BUNDLE_IDENTIFIER = com.portonics.Fitness;
				PRODUCT_NAME = "$(TARGET_NAME)";
				SWIFT_VERSION = 5.0;
				TARGETED_DEVICE_FAMILY = "1,2";
			};
			name = Release;
		};
/* End XCBuildConfiguration section */

/* Begin XCConfigurationList section */
		1DD1712625323CA40040B2B8 /* Build configuration list for PBXProject "Fitness" */ = {
			isa = XCConfigurationList;
			buildConfigurations = (
				1DD1713825323CA50040B2B8 /* Debug */,
				1DD1713925323CA50040B2B8 /* Release */,
			);
			defaultConfigurationIsVisible = 0;
			defaultConfigurationName = Release;
		};
		1DD1713A25323CA50040B2B8 /* Build configuration list for PBXNativeTarget "Fitness" */ = {
			isa = XCConfigurationList;
			buildConfigurations = (
				1DD1713B25323CA50040B2B8 /* Debug */,
				1DD1713C25323CA50040B2B8 /* Release */,
			);
			defaultConfigurationIsVisible = 0;
			defaultConfigurationName = Release;
		};
/* End XCConfigurationList section */
	};
	rootObject = 1DD1712325323CA40040B2B8 /* Project object */;
}
